PODS:
  - BBPortal (0.1.0):
    - DAFileMonitor
  - DAFileMonitor (0.1.1)

DEPENDENCIES:
  - BBPortal (from `../`)
  - DAFileMonitor

EXTERNAL SOURCES:
  BBPortal:
    :path: ../

SPEC CHECKSUMS:
  BBPortal: 9a18b2961e0ac759e5ec3920cfb6b6de249c2165
  DAFileMonitor: fd59e446e6fa38939abfe66b911a15d977f04c62

PODFILE CHECKSUM: a0207ea9989da901aa1aef777860e1bed8dac92f

COCOAPODS: 1.2.1
